# This file is automatically @generated by Cargo.
# It is not intended for manual editing.
version = 3

[[package]]
name = "lib_slice"
version = "0.1.0"

[[package]]
name = "p_closures"
version = "0.1.0"

[[package]]
name = "p_conversion"
version = "0.1.0"

[[package]]
name = "p_iter"
version = "0.1.0"

[[package]]
name = "p_match"
version = "0.1.0"

[[package]]
name = "p_print"
version = "0.1.0"

[[package]]
name = "p_slice"
version = "0.1.0"
dependencies = [
 "lib_slice",
]

[[package]]
name = "p_struct"
version = "0.1.0"

[[package]]
name = "p_vector"
version = "0.1.0"

[[package]]
name = "rust-practice"
version = "0.1.0"
